{
  "name": "@dprint/typescript",
  "version": "0.0.0",
  "lockfileVersion": 2,
  "requires": true,
  "packages": {
    "": {
      "name": "@dprint/typescript",
      "version": "0.0.0",
      "license": "MIT",
      "devDependencies": {
        "@dprint/formatter": "~0.4.0"
      }
    },
    "node_modules/@dprint/formatter": {
      "version": "0.4.1",
      "resolved": "https://registry.npmjs.org/@dprint/formatter/-/formatter-0.4.1.tgz",
      "integrity": "sha512-IB/GXdlMOvi0UhQQ9mcY15Fxcrc2JPadmo6tqefCNV0bptFq7YBpggzpqYXldBXDa04CbKJ+rDwO2eNRPE2+/g==",
      "dev": true,
      "license": "MIT"
    }
  },
  "dependencies": {
    "@dprint/formatter": {
      "version": "0.4.1",
      "resolved": "https://registry.npmjs.org/@dprint/formatter/-/formatter-0.4.1.tgz",
      "integrity": "sha512-IB/GXdlMOvi0UhQQ9mcY15Fxcrc2JPadmo6tqefCNV0bptFq7YBpggzpqYXldBXDa04CbKJ+rDwO2eNRPE2+/g==",
      "dev": true
    }
  }
}
