{
  "name": "@dprint/typescript",
  "version": "0.0.0",
  "lockfileVersion": 2,
  "requires": true,
  "packages": {
    "": {
      "name": "@dprint/typescript",
      "version": "0.0.0",
      "license": "MIT",
      "devDependencies": {
        "@dprint/formatter": "~0.1.4"
      }
    },
    "node_modules/@dprint/formatter": {
      "version": "0.1.4",
      "resolved": "https://registry.npmjs.org/@dprint/formatter/-/formatter-0.1.4.tgz",
      "integrity": "sha512-L7PifpVn+u1fH+5jUNv6W2Ie5LYvG5rlXCB9hn/byozAj1WOjaZczwvWmYWNS2zObF3d+PjKf6ON+HCPHjqNvQ==",
      "dev": true
    }
  },
  "dependencies": {
    "@dprint/formatter": {
      "version": "0.1.4",
      "resolved": "https://registry.npmjs.org/@dprint/formatter/-/formatter-0.1.4.tgz",
      "integrity": "sha512-L7PifpVn+u1fH+5jUNv6W2Ie5LYvG5rlXCB9hn/byozAj1WOjaZczwvWmYWNS2zObF3d+PjKf6ON+HCPHjqNvQ==",
      "dev": true
    }
  }
}
